
Microsoft Visual Studio Solution File, Format Version 12.00
# Visual Studio 15
VisualStudioVersion = 15.0.28307.168
MinimumVisualStudioVersion = 10.0.40219.1
Project("{FAE04EC0-301F-11D3-BF4B-00C04F79EFBC}") = "Pong2", "Pong2\Pong2.csproj", "{0587666B-357B-47FA-AC45-20C7B54805BA}"
EndProject
Global
	GlobalSection(SolutionConfigurationPlatforms) = preSolution
		Debug|x86 = Debug|x86
		Release|x86 = Release|x86
	EndGlobalSection
	GlobalSection(ProjectConfigurationPlatforms) = postSolution
		{0587666B-357B-47FA-AC45-20C7B54805BA}.Debug|x86.ActiveCfg = Debug|x86
		{0587666B-357B-47FA-AC45-20C7B54805BA}.Debug|x86.Build.0 = Debug|x86
		{0587666B-357B-47FA-AC45-20C7B54805BA}.Release|x86.ActiveCfg = Release|x86
		{0587666B-357B-47FA-AC45-20C7B54805BA}.Release|x86.Build.0 = Release|x86
	EndGlobalSection
	GlobalSection(SolutionProperties) = preSolution
		HideSolutionNode = FALSE
	EndGlobalSection
	GlobalSection(ExtensibilityGlobals) = postSolution
		SolutionGuid = {26E60A85-79DF-4F4F-93DC-0FB677FC50DD}
	EndGlobalSection
EndGlobal
